
Microsoft Visual Studio Solution File, Format Version 12.00
# Visual Studio 2013
VisualStudioVersion = 12.0.30501.0
MinimumVisualStudioVersion = 10.0.40219.1
Project("{2150E333-8FDC-42A3-9474-1A3956D46DE8}") = "03.Data", "03.Data", "{D2103DD3-4167-4036-A082-DB487FF0D89A}"
EndProject
Project("{2150E333-8FDC-42A3-9474-1A3956D46DE8}") = "02.Infrustructure", "02.Infrustructure", "{5F3B3F69-92C4-4A0D-865A-40EB258811E5}"
EndProject
Project("{2150E333-8FDC-42A3-9474-1A3956D46DE8}") = "04.Services", "04.Services", "{6AEA0816-99D1-4C5A-8C73-E43F5989288E}"
EndProject
Project("{2150E333-8FDC-42A3-9474-1A3956D46DE8}") = "05.Views", "05.Views", "{E8F2310B-6B0B-48EB-825B-4C3BEF85C602}"
EndProject
Project("{2150E333-8FDC-42A3-9474-1A3956D46DE8}") = "01.Tests", "01.Tests", "{A90D4533-F958-4374-BBDB-E0C561C09143}"
EndProject
Project("{FAE04EC0-301F-11D3-BF4B-00C04F79EFBC}") = "DLog.Data", "DLog.Data\DLog.Data.csproj", "{302D9597-9D93-43B3-BEBC-A07601445568}"
EndProject
Project("{F088123C-0E9E-452A-89E6-6BA2F21D5CAC}") = "DLog.UML", "DLog.UML\DLog.UML.modelproj", "{C44E673F-FAD7-4BDF-A077-1C9F87D438ED}"
EndProject
Project("{FAE04EC0-301F-11D3-BF4B-00C04F79EFBC}") = "DLog.Entity", "DLog.Entity\DLog.Entity.csproj", "{4987E03C-0D34-4D0B-B65C-9B486F223FA5}"
EndProject
Project("{FAE04EC0-301F-11D3-BF4B-00C04F79EFBC}") = "DLog.Common", "DLog.Common\DLog.Common.csproj", "{AB9923C4-9545-4DB2-8917-9E191C878F09}"
EndProject
Project("{FAE04EC0-301F-11D3-BF4B-00C04F79EFBC}") = "DLog.IService", "DLog.IService\DLog.IService.csproj", "{DC0C9EA1-CE0B-4804-B8EE-58D841DDEB88}"
EndProject
Project("{FAE04EC0-301F-11D3-BF4B-00C04F79EFBC}") = "DLog.Service", "DLog.Service\DLog.Service.csproj", "{D907AB01-C478-4B05-9ABA-8677C8FA912D}"
EndProject
Project("{FAE04EC0-301F-11D3-BF4B-00C04F79EFBC}") = "DLog.Service.Site", "DLog.Service.Site\DLog.Service.Site.csproj", "{73576634-2CF2-45EB-81BA-79797D9CE63B}"
EndProject
Project("{FAE04EC0-301F-11D3-BF4B-00C04F79EFBC}") = "DLog.Tools", "DLog.Tools\DLog.Tools.csproj", "{E0828E26-4E7F-425E-ABFC-6070F9CB8E35}"
EndProject
Project("{FAE04EC0-301F-11D3-BF4B-00C04F79EFBC}") = "DLog.UnitTest", "DLog.UnitTest\DLog.UnitTest.csproj", "{E5B8119D-3812-4809-B176-377E1DEBA385}"
EndProject
Project("{FAE04EC0-301F-11D3-BF4B-00C04F79EFBC}") = "DLog.OpenAPI", "DLog.OpenAPI\DLog.OpenAPI.csproj", "{988F9D52-8A26-485E-929A-379D373A23B7}"
EndProject
Project("{FAE04EC0-301F-11D3-BF4B-00C04F79EFBC}") = "DLog.Offline.Site", "DLog.Offline.Site\DLog.Offline.Site.csproj", "{8D7E6815-7035-4FC9-A7CF-277EB3A4F5F7}"
EndProject
Global
	GlobalSection(SolutionConfigurationPlatforms) = preSolution
		Debug|Any CPU = Debug|Any CPU
		Release|Any CPU = Release|Any CPU
	EndGlobalSection
	GlobalSection(ProjectConfigurationPlatforms) = postSolution
		{302D9597-9D93-43B3-BEBC-A07601445568}.Debug|Any CPU.ActiveCfg = Debug|Any CPU
		{302D9597-9D93-43B3-BEBC-A07601445568}.Debug|Any CPU.Build.0 = Debug|Any CPU
		{302D9597-9D93-43B3-BEBC-A07601445568}.Release|Any CPU.ActiveCfg = Release|Any CPU
		{302D9597-9D93-43B3-BEBC-A07601445568}.Release|Any CPU.Build.0 = Release|Any CPU
		{C44E673F-FAD7-4BDF-A077-1C9F87D438ED}.Debug|Any CPU.ActiveCfg = Debug|Any CPU
		{C44E673F-FAD7-4BDF-A077-1C9F87D438ED}.Debug|Any CPU.Build.0 = Debug|Any CPU
		{C44E673F-FAD7-4BDF-A077-1C9F87D438ED}.Release|Any CPU.ActiveCfg = Release|Any CPU
		{C44E673F-FAD7-4BDF-A077-1C9F87D438ED}.Release|Any CPU.Build.0 = Release|Any CPU
		{4987E03C-0D34-4D0B-B65C-9B486F223FA5}.Debug|Any CPU.ActiveCfg = Debug|Any CPU
		{4987E03C-0D34-4D0B-B65C-9B486F223FA5}.Debug|Any CPU.Build.0 = Debug|Any CPU
		{4987E03C-0D34-4D0B-B65C-9B486F223FA5}.Release|Any CPU.ActiveCfg = Release|Any CPU
		{4987E03C-0D34-4D0B-B65C-9B486F223FA5}.Release|Any CPU.Build.0 = Release|Any CPU
		{AB9923C4-9545-4DB2-8917-9E191C878F09}.Debug|Any CPU.ActiveCfg = Debug|Any CPU
		{AB9923C4-9545-4DB2-8917-9E191C878F09}.Debug|Any CPU.Build.0 = Debug|Any CPU
		{AB9923C4-9545-4DB2-8917-9E191C878F09}.Release|Any CPU.ActiveCfg = Release|Any CPU
		{AB9923C4-9545-4DB2-8917-9E191C878F09}.Release|Any CPU.Build.0 = Release|Any CPU
		{DC0C9EA1-CE0B-4804-B8EE-58D841DDEB88}.Debug|Any CPU.ActiveCfg = Debug|Any CPU
		{DC0C9EA1-CE0B-4804-B8EE-58D841DDEB88}.Debug|Any CPU.Build.0 = Debug|Any CPU
		{DC0C9EA1-CE0B-4804-B8EE-58D841DDEB88}.Release|Any CPU.ActiveCfg = Release|Any CPU
		{DC0C9EA1-CE0B-4804-B8EE-58D841DDEB88}.Release|Any CPU.Build.0 = Release|Any CPU
		{D907AB01-C478-4B05-9ABA-8677C8FA912D}.Debug|Any CPU.ActiveCfg = Debug|Any CPU
		{D907AB01-C478-4B05-9ABA-8677C8FA912D}.Debug|Any CPU.Build.0 = Debug|Any CPU
		{D907AB01-C478-4B05-9ABA-8677C8FA912D}.Release|Any CPU.ActiveCfg = Release|Any CPU
		{D907AB01-C478-4B05-9ABA-8677C8FA912D}.Release|Any CPU.Build.0 = Release|Any CPU
		{73576634-2CF2-45EB-81BA-79797D9CE63B}.Debug|Any CPU.ActiveCfg = Debug|Any CPU
		{73576634-2CF2-45EB-81BA-79797D9CE63B}.Debug|Any CPU.Build.0 = Debug|Any CPU
		{73576634-2CF2-45EB-81BA-79797D9CE63B}.Release|Any CPU.ActiveCfg = Release|Any CPU
		{73576634-2CF2-45EB-81BA-79797D9CE63B}.Release|Any CPU.Build.0 = Release|Any CPU
		{E0828E26-4E7F-425E-ABFC-6070F9CB8E35}.Debug|Any CPU.ActiveCfg = Debug|Any CPU
		{E0828E26-4E7F-425E-ABFC-6070F9CB8E35}.Debug|Any CPU.Build.0 = Debug|Any CPU
		{E0828E26-4E7F-425E-ABFC-6070F9CB8E35}.Release|Any CPU.ActiveCfg = Release|Any CPU
		{E0828E26-4E7F-425E-ABFC-6070F9CB8E35}.Release|Any CPU.Build.0 = Release|Any CPU
		{E5B8119D-3812-4809-B176-377E1DEBA385}.Debug|Any CPU.ActiveCfg = Debug|Any CPU
		{E5B8119D-3812-4809-B176-377E1DEBA385}.Debug|Any CPU.Build.0 = Debug|Any CPU
		{E5B8119D-3812-4809-B176-377E1DEBA385}.Release|Any CPU.ActiveCfg = Release|Any CPU
		{E5B8119D-3812-4809-B176-377E1DEBA385}.Release|Any CPU.Build.0 = Release|Any CPU
		{988F9D52-8A26-485E-929A-379D373A23B7}.Debug|Any CPU.ActiveCfg = Debug|Any CPU
		{988F9D52-8A26-485E-929A-379D373A23B7}.Debug|Any CPU.Build.0 = Debug|Any CPU
		{988F9D52-8A26-485E-929A-379D373A23B7}.Release|Any CPU.ActiveCfg = Release|Any CPU
		{988F9D52-8A26-485E-929A-379D373A23B7}.Release|Any CPU.Build.0 = Release|Any CPU
		{8D7E6815-7035-4FC9-A7CF-277EB3A4F5F7}.Debug|Any CPU.ActiveCfg = Debug|Any CPU
		{8D7E6815-7035-4FC9-A7CF-277EB3A4F5F7}.Debug|Any CPU.Build.0 = Debug|Any CPU
		{8D7E6815-7035-4FC9-A7CF-277EB3A4F5F7}.Release|Any CPU.ActiveCfg = Release|Any CPU
		{8D7E6815-7035-4FC9-A7CF-277EB3A4F5F7}.Release|Any CPU.Build.0 = Release|Any CPU
	EndGlobalSection
	GlobalSection(SolutionProperties) = preSolution
		HideSolutionNode = FALSE
	EndGlobalSection
	GlobalSection(NestedProjects) = preSolution
		{302D9597-9D93-43B3-BEBC-A07601445568} = {D2103DD3-4167-4036-A082-DB487FF0D89A}
		{4987E03C-0D34-4D0B-B65C-9B486F223FA5} = {D2103DD3-4167-4036-A082-DB487FF0D89A}
		{AB9923C4-9545-4DB2-8917-9E191C878F09} = {5F3B3F69-92C4-4A0D-865A-40EB258811E5}
		{DC0C9EA1-CE0B-4804-B8EE-58D841DDEB88} = {6AEA0816-99D1-4C5A-8C73-E43F5989288E}
		{D907AB01-C478-4B05-9ABA-8677C8FA912D} = {6AEA0816-99D1-4C5A-8C73-E43F5989288E}
		{73576634-2CF2-45EB-81BA-79797D9CE63B} = {6AEA0816-99D1-4C5A-8C73-E43F5989288E}
		{E0828E26-4E7F-425E-ABFC-6070F9CB8E35} = {A90D4533-F958-4374-BBDB-E0C561C09143}
		{E5B8119D-3812-4809-B176-377E1DEBA385} = {A90D4533-F958-4374-BBDB-E0C561C09143}
		{988F9D52-8A26-485E-929A-379D373A23B7} = {E8F2310B-6B0B-48EB-825B-4C3BEF85C602}
		{8D7E6815-7035-4FC9-A7CF-277EB3A4F5F7} = {E8F2310B-6B0B-48EB-825B-4C3BEF85C602}
	EndGlobalSection
EndGlobal
